// !$*UTF8*$!
{
	archiveVersion = 1;
	classes = {
	};
	objectVersion = 46;
	objects = {

/* Begin PBXBuildFile section */
		17DC40199B4B4DEFA792C2E1 /* libPods.a in Frameworks */ = {isa = PBXBuildFile; fileRef = 19DFBEEE26D74A1F987B9C76 /* libPods.a */; };
		6612247C18FD6FFF007DEB9B /* MDContainerViewController.m in Sources */ = {isa = PBXBuildFile; fileRef = 6612247B18FD6FFF007DEB9B /* MDContainerViewController.m */; };
		6612247F18FD73FD007DEB9B /* MDShadowVCenterContainerVIew.m in Sources */ = {isa = PBXBuildFile; fileRef = 6612247E18FD73FD007DEB9B /* MDShadowVCenterContainerVIew.m */; };
		6634FAEE1936D6960072F1A6 /* menu_cell_imageSelected.png in Resources */ = {isa = PBXBuildFile; fileRef = 6634FAED1936D6960072F1A6 /* menu_cell_imageSelected.png */; };
		66479A0B1934D4A00036FD04 /* background1.png in Resources */ = {isa = PBXBuildFile; fileRef = 66479A091934D4A00036FD04 /* background1.png */; };
		66479A0C1934D4A00036FD04 /* menuBG.png in Resources */ = {isa = PBXBuildFile; fileRef = 66479A0A1934D4A00036FD04 /* menuBG.png */; };
		666C151D1935771B00AFBDE1 /* MDTableViewCell.m in Sources */ = {isa = PBXBuildFile; fileRef = 666C151B1935771B00AFBDE1 /* MDTableViewCell.m */; };
		666C151E1935771B00AFBDE1 /* MDTableViewCell.xib in Resources */ = {isa = PBXBuildFile; fileRef = 666C151C1935771B00AFBDE1 /* MDTableViewCell.xib */; };
		6671C4991939F61A00164CE8 /* MDImagePicker.m in Sources */ = {isa = PBXBuildFile; fileRef = 6671C4981939F61A00164CE8 /* MDImagePicker.m */; };
		6671C4AE193AB79F00164CE8 /* bg3.png in Resources */ = {isa = PBXBuildFile; fileRef = 6671C4A6193AB79F00164CE8 /* bg3.png */; };
		6671C4AF193AB79F00164CE8 /* bg5.png in Resources */ = {isa = PBXBuildFile; fileRef = 6671C4A7193AB79F00164CE8 /* bg5.png */; };
		6671C4B0193AB79F00164CE8 /* bg4.png in Resources */ = {isa = PBXBuildFile; fileRef = 6671C4A8193AB79F00164CE8 /* bg4.png */; };
		6671C4B1193AB79F00164CE8 /* bg7.png in Resources */ = {isa = PBXBuildFile; fileRef = 6671C4A9193AB79F00164CE8 /* bg7.png */; };
		6671C4B2193AB79F00164CE8 /* bg6.png in Resources */ = {isa = PBXBuildFile; fileRef = 6671C4AA193AB79F00164CE8 /* bg6.png */; };
		6671C4B3193AB79F00164CE8 /* bg8.png in Resources */ = {isa = PBXBuildFile; fileRef = 6671C4AB193AB79F00164CE8 /* bg8.png */; };
		6671C4B4193AB79F00164CE8 /* bg2.png in Resources */ = {isa = PBXBuildFile; fileRef = 6671C4AC193AB79F00164CE8 /* bg2.png */; };
		6671C4B5193AB79F00164CE8 /* bg1.png in Resources */ = {isa = PBXBuildFile; fileRef = 6671C4AD193AB79F00164CE8 /* bg1.png */; };
		6671C4B7193ABE1500164CE8 /* menu_another_cell_image.png in Resources */ = {isa = PBXBuildFile; fileRef = 6671C4B6193ABE1500164CE8 /* menu_another_cell_image.png */; };
		6671C4BA193AC03200164CE8 /* clockImage.png in Resources */ = {isa = PBXBuildFile; fileRef = 6671C4B8193AC03200164CE8 /* clockImage.png */; };
		6671C4BB193AC03200164CE8 /* menu_cell_image.png in Resources */ = {isa = PBXBuildFile; fileRef = 6671C4B9193AC03200164CE8 /* menu_cell_image.png */; };
		667243C01900FA5200E7EF99 /* timeboard_1.png in Resources */ = {isa = PBXBuildFile; fileRef = 667243BE1900FA5200E7EF99 /* timeboard_1.png */; };
		667243C11900FA5200E7EF99 /* background3.png in Resources */ = {isa = PBXBuildFile; fileRef = 667243BF1900FA5200E7EF99 /* background3.png */; };
		667243C51900FA8400E7EF99 /* MDMenuViewController.m in Sources */ = {isa = PBXBuildFile; fileRef = 667243C31900FA8400E7EF99 /* MDMenuViewController.m */; };
		667243C61900FA8400E7EF99 /* MDMenuViewController.xib in Resources */ = {isa = PBXBuildFile; fileRef = 667243C41900FA8400E7EF99 /* MDMenuViewController.xib */; };
		66DD6FE2193CE10800557517 /* background5.png in Resources */ = {isa = PBXBuildFile; fileRef = 66DD6FDC193CE10800557517 /* background5.png */; };
		66DD6FE3193CE10800557517 /* background6.png in Resources */ = {isa = PBXBuildFile; fileRef = 66DD6FDD193CE10800557517 /* background6.png */; };
		66DD6FE4193CE10800557517 /* background7.png in Resources */ = {isa = PBXBuildFile; fileRef = 66DD6FDE193CE10800557517 /* background7.png */; };
		66DD6FE5193CE10800557517 /* background2.png in Resources */ = {isa = PBXBuildFile; fileRef = 66DD6FDF193CE10800557517 /* background2.png */; };
		66DD6FE6193CE10800557517 /* background4.png in Resources */ = {isa = PBXBuildFile; fileRef = 66DD6FE0193CE10800557517 /* background4.png */; };
		66DD6FE7193CE10800557517 /* background8.png in Resources */ = {isa = PBXBuildFile; fileRef = 66DD6FE1193CE10800557517 /* background8.png */; };
		66F4872018FCE33700C2D0AB /* Foundation.framework in Frameworks */ = {isa = PBXBuildFile; fileRef = 66F4871F18FCE33700C2D0AB /* Foundation.framework */; };
		66F4872218FCE33700C2D0AB /* CoreGraphics.framework in Frameworks */ = {isa = PBXBuildFile; fileRef = 66F4872118FCE33700C2D0AB /* CoreGraphics.framework */; };
		66F4872418FCE33700C2D0AB /* UIKit.framework in Frameworks */ = {isa = PBXBuildFile; fileRef = 66F4872318FCE33700C2D0AB /* UIKit.framework */; };
		66F4872A18FCE33700C2D0AB /* InfoPlist.strings in Resources */ = {isa = PBXBuildFile; fileRef = 66F4872818FCE33700C2D0AB /* InfoPlist.strings */; };
		66F4872C18FCE33700C2D0AB /* main.m in Sources */ = {isa = PBXBuildFile; fileRef = 66F4872B18FCE33700C2D0AB /* main.m */; };
		66F4873018FCE33700C2D0AB /* MDAppDelegate.m in Sources */ = {isa = PBXBuildFile; fileRef = 66F4872F18FCE33700C2D0AB /* MDAppDelegate.m */; };
		66F4873218FCE33700C2D0AB /* Images.xcassets in Resources */ = {isa = PBXBuildFile; fileRef = 66F4873118FCE33700C2D0AB /* Images.xcassets */; };
		66F4873918FCE33700C2D0AB /* XCTest.framework in Frameworks */ = {isa = PBXBuildFile; fileRef = 66F4873818FCE33700C2D0AB /* XCTest.framework */; };
		66F4873A18FCE33700C2D0AB /* Foundation.framework in Frameworks */ = {isa = PBXBuildFile; fileRef = 66F4871F18FCE33700C2D0AB /* Foundation.framework */; };
		66F4873B18FCE33700C2D0AB /* UIKit.framework in Frameworks */ = {isa = PBXBuildFile; fileRef = 66F4872318FCE33700C2D0AB /* UIKit.framework */; };
		66F4874318FCE33700C2D0AB /* InfoPlist.strings in Resources */ = {isa = PBXBuildFile; fileRef = 66F4874118FCE33700C2D0AB /* InfoPlist.strings */; };
		66F4874518FCE33700C2D0AB /* AlarmClockTests.m in Sources */ = {isa = PBXBuildFile; fileRef = 66F4874418FCE33700C2D0AB /* AlarmClockTests.m */; };
		66F487B318FCF26100C2D0AB /* add.png in Resources */ = {isa = PBXBuildFile; fileRef = 66F4879318FCF26100C2D0AB /* add.png */; };
		66F487B518FCF26100C2D0AB /* clock1.png in Resources */ = {isa = PBXBuildFile; fileRef = 66F4879518FCF26100C2D0AB /* clock1.png */; };
		66F487B618FCF26100C2D0AB /* clock2.png in Resources */ = {isa = PBXBuildFile; fileRef = 66F4879618FCF26100C2D0AB /* clock2.png */; };
		66F487B718FCF26100C2D0AB /* menu.png in Resources */ = {isa = PBXBuildFile; fileRef = 66F4879718FCF26100C2D0AB /* menu.png */; };
		66F487B818FCF26100C2D0AB /* navgationBar.png in Resources */ = {isa = PBXBuildFile; fileRef = 66F4879818FCF26100C2D0AB /* navgationBar.png */; };
		66F487B918FCF26100C2D0AB /* timeboard.png in Resources */ = {isa = PBXBuildFile; fileRef = 66F4879918FCF26100C2D0AB /* timeboard.png */; };
		66F487BA18FCF26100C2D0AB /* weather-broken.png in Resources */ = {isa = PBXBuildFile; fileRef = 66F4879B18FCF26100C2D0AB /* weather-broken.png */; };
		66F487BB18FCF26100C2D0AB /* weather-broken@2x.png in Resources */ = {isa = PBXBuildFile; fileRef = 66F4879C18FCF26100C2D0AB /* weather-broken@2x.png */; };
		66F487BC18FCF26100C2D0AB /* weather-clear.png in Resources */ = {isa = PBXBuildFile; fileRef = 66F4879D18FCF26100C2D0AB /* weather-clear.png */; };
		66F487BD18FCF26100C2D0AB /* weather-clear@2x.png in Resources */ = {isa = PBXBuildFile; fileRef = 66F4879E18FCF26100C2D0AB /* weather-clear@2x.png */; };
		66F487BE18FCF26100C2D0AB /* weather-few-night.png in Resources */ = {isa = PBXBuildFile; fileRef = 66F4879F18FCF26100C2D0AB /* weather-few-night.png */; };
		66F487BF18FCF26100C2D0AB /* weather-few-night@2x.png in Resources */ = {isa = PBXBuildFile; fileRef = 66F487A018FCF26100C2D0AB /* weather-few-night@2x.png */; };
		66F487C018FCF26100C2D0AB /* weather-few.png in Resources */ = {isa = PBXBuildFile; fileRef = 66F487A118FCF26100C2D0AB /* weather-few.png */; };
		66F487C118FCF26100C2D0AB /* weather-few@2x.png in Resources */ = {isa = PBXBuildFile; fileRef = 66F487A218FCF26100C2D0AB /* weather-few@2x.png */; };
		66F487C218FCF26100C2D0AB /* weather-mist.png in Resources */ = {isa = PBXBuildFile; fileRef = 66F487A318FCF26100C2D0AB /* weather-mist.png */; };
		66F487C318FCF26100C2D0AB /* weather-mist@2x.png in Resources */ = {isa = PBXBuildFile; fileRef = 66F487A418FCF26100C2D0AB /* weather-mist@2x.png */; };
		66F487C418FCF26100C2D0AB /* weather-moon.png in Resources */ = {isa = PBXBuildFile; fileRef = 66F487A518FCF26100C2D0AB /* weather-moon.png */; };
		66F487C518FCF26100C2D0AB /* weather-moon@2x.png in Resources */ = {isa = PBXBuildFile; fileRef = 66F487A618FCF26100C2D0AB /* weather-moon@2x.png */; };
		66F487C618FCF26100C2D0AB /* weather-rain-night.png in Resources */ = {isa = PBXBuildFile; fileRef = 66F487A718FCF26100C2D0AB /* weather-rain-night.png */; };
		66F487C718FCF26100C2D0AB /* weather-rain-night@2x.png in Resources */ = {isa = PBXBuildFile; fileRef = 66F487A818FCF26100C2D0AB /* weather-rain-night@2x.png */; };
		66F487C818FCF26100C2D0AB /* weather-rain.png in Resources */ = {isa = PBXBuildFile; fileRef = 66F487A918FCF26100C2D0AB /* weather-rain.png */; };
		66F487C918FCF26100C2D0AB /* weather-rain@2x.png in Resources */ = {isa = PBXBuildFile; fileRef = 66F487AA18FCF26100C2D0AB /* weather-rain@2x.png */; };
		66F487CA18FCF26100C2D0AB /* weather-scattered.png in Resources */ = {isa = PBXBuildFile; fileRef = 66F487AB18FCF26100C2D0AB /* weather-scattered.png */; };
		66F487CB18FCF26100C2D0AB /* weather-scattered@2x.png in Resources */ = {isa = PBXBuildFile; fileRef = 66F487AC18FCF26100C2D0AB /* weather-scattered@2x.png */; };
		66F487CC18FCF26100C2D0AB /* weather-shower.png in Resources */ = {isa = PBXBuildFile; fileRef = 66F487AD18FCF26100C2D0AB /* weather-shower.png */; };
		66F487CD18FCF26100C2D0AB /* weather-shower@2x.png in Resources */ = {isa = PBXBuildFile; fileRef = 66F487AE18FCF26100C2D0AB /* weather-shower@2x.png */; };
		66F487CE18FCF26100C2D0AB /* weather-snow.png in Resources */ = {isa = PBXBuildFile; fileRef = 66F487AF18FCF26100C2D0AB /* weather-snow.png */; };
		66F487CF18FCF26100C2D0AB /* weather-snow@2x.png in Resources */ = {isa = PBXBuildFile; fileRef = 66F487B018FCF26100C2D0AB /* weather-snow@2x.png */; };
		66F487D018FCF26100C2D0AB /* weather-tstorm.png in Resources */ = {isa = PBXBuildFile; fileRef = 66F487B118FCF26100C2D0AB /* weather-tstorm.png */; };
		66F487D118FCF26100C2D0AB /* weather-tstorm@2x.png in Resources */ = {isa = PBXBuildFile; fileRef = 66F487B218FCF26100C2D0AB /* weather-tstorm@2x.png */; };
		66F487DC18FCF2A700C2D0AB /* MDTransformerDateFormatter.m in Sources */ = {isa = PBXBuildFile; fileRef = 66F487D318FCF2A700C2D0AB /* MDTransformerDateFormatter.m */; };
		66F487DD18FCF2A700C2D0AB /* MDWeatherCondition.m in Sources */ = {isa = PBXBuildFile; fileRef = 66F487D518FCF2A700C2D0AB /* MDWeatherCondition.m */; };
		66F487DE18FCF2A700C2D0AB /* MDWeatherConnection.m in Sources */ = {isa = PBXBuildFile; fileRef = 66F487D718FCF2A700C2D0AB /* MDWeatherConnection.m */; };
		66F487DF18FCF2A700C2D0AB /* MDWeatherManager.m in Sources */ = {isa = PBXBuildFile; fileRef = 66F487D918FCF2A700C2D0AB /* MDWeatherManager.m */; };
		66F487E018FCF2A700C2D0AB /* NSDate+CurrentTimeIntervalWith24Hour.m in Sources */ = {isa = PBXBuildFile; fileRef = 66F487DB18FCF2A700C2D0AB /* NSDate+CurrentTimeIntervalWith24Hour.m */; };
		66F487E418FCF2B900C2D0AB /* MDRootViewController.m in Sources */ = {isa = PBXBuildFile; fileRef = 66F487E218FCF2B900C2D0AB /* MDRootViewController.m */; };
		66F487E518FCF2B900C2D0AB /* MDRootViewController.xib in Resources */ = {isa = PBXBuildFile; fileRef = 66F487E318FCF2B900C2D0AB /* MDRootViewController.xib */; };
/* End PBXBuildFile section */

/* Begin PBXContainerItemProxy section */
		66F4873C18FCE33700C2D0AB /* PBXContainerItemProxy */ = {
			isa = PBXContainerItemProxy;
			containerPortal = 66F4871418FCE33700C2D0AB /* Project object */;
			proxyType = 1;
			remoteGlobalIDString = 66F4871B18FCE33700C2D0AB;
			remoteInfo = AlarmClock;
		};
/* End PBXContainerItemProxy section */

/* Begin PBXFileReference section */
		19DFBEEE26D74A1F987B9C76 /* libPods.a */ = {isa = PBXFileReference; explicitFileType = archive.ar; includeInIndex = 0; path = libPods.a; sourceTree = BUILT_PRODUCTS_DIR; };
		1B3F7DA4F42C47FBAE7258DD /* Pods.xcconfig */ = {isa = PBXFileReference; includeInIndex = 1; lastKnownFileType = text.xcconfig; name = Pods.xcconfig; path = Pods/Pods.xcconfig; sourceTree = "<group>"; };
		6612247A18FD6FFF007DEB9B /* MDContainerViewController.h */ = {isa = PBXFileReference; fileEncoding = 4; lastKnownFileType = sourcecode.c.h; path = MDContainerViewController.h; sourceTree = "<group>"; };
		6612247B18FD6FFF007DEB9B /* MDContainerViewController.m */ = {isa = PBXFileReference; fileEncoding = 4; lastKnownFileType = sourcecode.c.objc; path = MDContainerViewController.m; sourceTree = "<group>"; };
		6612247D18FD73FD007DEB9B /* MDShadowVCenterContainerVIew.h */ = {isa = PBXFileReference; fileEncoding = 4; lastKnownFileType = sourcecode.c.h; path = MDShadowVCenterContainerVIew.h; sourceTree = "<group>"; };
		6612247E18FD73FD007DEB9B /* MDShadowVCenterContainerVIew.m */ = {isa = PBXFileReference; fileEncoding = 4; lastKnownFileType = sourcecode.c.objc; path = MDShadowVCenterContainerVIew.m; sourceTree = "<group>"; };
		6634FAED1936D6960072F1A6 /* menu_cell_imageSelected.png */ = {isa = PBXFileReference; lastKnownFileType = image.png; name = menu_cell_imageSelected.png; path = ../menu_cell_imageSelected.png; sourceTree = "<group>"; };
		66479A091934D4A00036FD04 /* background1.png */ = {isa = PBXFileReference; lastKnownFileType = image.png; path = background1.png; sourceTree = "<group>"; };
		66479A0A1934D4A00036FD04 /* menuBG.png */ = {isa = PBXFileReference; lastKnownFileType = image.png; path = menuBG.png; sourceTree = "<group>"; };
		666C151A1935771B00AFBDE1 /* MDTableViewCell.h */ = {isa = PBXFileReference; fileEncoding = 4; lastKnownFileType = sourcecode.c.h; path = MDTableViewCell.h; sourceTree = "<group>"; };
		666C151B1935771B00AFBDE1 /* MDTableViewCell.m */ = {isa = PBXFileReference; fileEncoding = 4; lastKnownFileType = sourcecode.c.objc; path = MDTableViewCell.m; sourceTree = "<group>"; };
		666C151C1935771B00AFBDE1 /* MDTableViewCell.xib */ = {isa = PBXFileReference; fileEncoding = 4; lastKnownFileType = file.xib; path = MDTableViewCell.xib; sourceTree = "<group>"; };
		6671C4971939F61A00164CE8 /* MDImagePicker.h */ = {isa = PBXFileReference; fileEncoding = 4; lastKnownFileType = sourcecode.c.h; path = MDImagePicker.h; sourceTree = "<group>"; };
		6671C4981939F61A00164CE8 /* MDImagePicker.m */ = {isa = PBXFileReference; fileEncoding = 4; lastKnownFileType = sourcecode.c.objc; path = MDImagePicker.m; sourceTree = "<group>"; };
		6671C4A6193AB79F00164CE8 /* bg3.png */ = {isa = PBXFileReference; lastKnownFileType = image.png; path = bg3.png; sourceTree = "<group>"; };
		6671C4A7193AB79F00164CE8 /* bg5.png */ = {isa = PBXFileReference; lastKnownFileType = image.png; path = bg5.png; sourceTree = "<group>"; };
		6671C4A8193AB79F00164CE8 /* bg4.png */ = {isa = PBXFileReference; lastKnownFileType = image.png; path = bg4.png; sourceTree = "<group>"; };
		6671C4A9193AB79F00164CE8 /* bg7.png */ = {isa = PBXFileReference; lastKnownFileType = image.png; path = bg7.png; sourceTree = "<group>"; };
		6671C4AA193AB79F00164CE8 /* bg6.png */ = {isa = PBXFileReference; lastKnownFileType = image.png; path = bg6.png; sourceTree = "<group>"; };
		6671C4AB193AB79F00164CE8 /* bg8.png */ = {isa = PBXFileReference; lastKnownFileType = image.png; path = bg8.png; sourceTree = "<group>"; };
		6671C4AC193AB79F00164CE8 /* bg2.png */ = {isa = PBXFileReference; lastKnownFileType = image.png; path = bg2.png; sourceTree = "<group>"; };
		6671C4AD193AB79F00164CE8 /* bg1.png */ = {isa = PBXFileReference; lastKnownFileType = image.png; path = bg1.png; sourceTree = "<group>"; };
		6671C4B6193ABE1500164CE8 /* menu_another_cell_image.png */ = {isa = PBXFileReference; lastKnownFileType = image.png; path = menu_another_cell_image.png; sourceTree = "<group>"; };
		6671C4B8193AC03200164CE8 /* clockImage.png */ = {isa = PBXFileReference; lastKnownFileType = image.png; path = clockImage.png; sourceTree = "<group>"; };
		6671C4B9193AC03200164CE8 /* menu_cell_image.png */ = {isa = PBXFileReference; lastKnownFileType = image.png; path = menu_cell_image.png; sourceTree = "<group>"; };
		667243BE1900FA5200E7EF99 /* timeboard_1.png */ = {isa = PBXFileReference; lastKnownFileType = image.png; path = timeboard_1.png; sourceTree = "<group>"; };
		667243BF1900FA5200E7EF99 /* background3.png */ = {isa = PBXFileReference; lastKnownFileType = image.png; path = background3.png; sourceTree = "<group>"; };
		667243C21900FA8400E7EF99 /* MDMenuViewController.h */ = {isa = PBXFileReference; fileEncoding = 4; lastKnownFileType = sourcecode.c.h; path = MDMenuViewController.h; sourceTree = "<group>"; };
		667243C31900FA8400E7EF99 /* MDMenuViewController.m */ = {isa = PBXFileReference; fileEncoding = 4; lastKnownFileType = sourcecode.c.objc; path = MDMenuViewController.m; sourceTree = "<group>"; };
		667243C41900FA8400E7EF99 /* MDMenuViewController.xib */ = {isa = PBXFileReference; fileEncoding = 4; lastKnownFileType = file.xib; path = MDMenuViewController.xib; sourceTree = "<group>"; };
		66DD6FDC193CE10800557517 /* background5.png */ = {isa = PBXFileReference; lastKnownFileType = image.png; path = background5.png; sourceTree = "<group>"; };
		66DD6FDD193CE10800557517 /* background6.png */ = {isa = PBXFileReference; lastKnownFileType = image.png; path = background6.png; sourceTree = "<group>"; };
		66DD6FDE193CE10800557517 /* background7.png */ = {isa = PBXFileReference; lastKnownFileType = image.png; path = background7.png; sourceTree = "<group>"; };
		66DD6FDF193CE10800557517 /* background2.png */ = {isa = PBXFileReference; lastKnownFileType = image.png; path = background2.png; sourceTree = "<group>"; };
		66DD6FE0193CE10800557517 /* background4.png */ = {isa = PBXFileReference; lastKnownFileType = image.png; path = background4.png; sourceTree = "<group>"; };
		66DD6FE1193CE10800557517 /* background8.png */ = {isa = PBXFileReference; lastKnownFileType = image.png; path = background8.png; sourceTree = "<group>"; };
		66F4871C18FCE33700C2D0AB /* AlarmClock.app */ = {isa = PBXFileReference; explicitFileType = wrapper.application; includeInIndex = 0; path = AlarmClock.app; sourceTree = BUILT_PRODUCTS_DIR; };
		66F4871F18FCE33700C2D0AB /* Foundation.framework */ = {isa = PBXFileReference; lastKnownFileType = wrapper.framework; name = Foundation.framework; path = System/Library/Frameworks/Foundation.framework; sourceTree = SDKROOT; };
		66F4872118FCE33700C2D0AB /* CoreGraphics.framework */ = {isa = PBXFileReference; lastKnownFileType = wrapper.framework; name = CoreGraphics.framework; path = System/Library/Frameworks/CoreGraphics.framework; sourceTree = SDKROOT; };
		66F4872318FCE33700C2D0AB /* UIKit.framework */ = {isa = PBXFileReference; lastKnownFileType = wrapper.framework; name = UIKit.framework; path = System/Library/Frameworks/UIKit.framework; sourceTree = SDKROOT; };
		66F4872718FCE33700C2D0AB /* AlarmClock-Info.plist */ = {isa = PBXFileReference; lastKnownFileType = text.plist.xml; path = "AlarmClock-Info.plist"; sourceTree = "<group>"; };
		66F4872918FCE33700C2D0AB /* en */ = {isa = PBXFileReference; lastKnownFileType = text.plist.strings; name = en; path = en.lproj/InfoPlist.strings; sourceTree = "<group>"; };
		66F4872B18FCE33700C2D0AB /* main.m */ = {isa = PBXFileReference; lastKnownFileType = sourcecode.c.objc; path = main.m; sourceTree = "<group>"; };
		66F4872D18FCE33700C2D0AB /* AlarmClock-Prefix.pch */ = {isa = PBXFileReference; lastKnownFileType = sourcecode.c.h; path = "AlarmClock-Prefix.pch"; sourceTree = "<group>"; };
		66F4872E18FCE33700C2D0AB /* MDAppDelegate.h */ = {isa = PBXFileReference; lastKnownFileType = sourcecode.c.h; path = MDAppDelegate.h; sourceTree = "<group>"; };
		66F4872F18FCE33700C2D0AB /* MDAppDelegate.m */ = {isa = PBXFileReference; lastKnownFileType = sourcecode.c.objc; path = MDAppDelegate.m; sourceTree = "<group>"; };
		66F4873118FCE33700C2D0AB /* Images.xcassets */ = {isa = PBXFileReference; lastKnownFileType = folder.assetcatalog; path = Images.xcassets; sourceTree = "<group>"; };
		66F4873718FCE33700C2D0AB /* AlarmClockTests.xctest */ = {isa = PBXFileReference; explicitFileType = wrapper.cfbundle; includeInIndex = 0; path = AlarmClockTests.xctest; sourceTree = BUILT_PRODUCTS_DIR; };
		66F4873818FCE33700C2D0AB /* XCTest.framework */ = {isa = PBXFileReference; lastKnownFileType = wrapper.framework; name = XCTest.framework; path = Library/Frameworks/XCTest.framework; sourceTree = DEVELOPER_DIR; };
		66F4874018FCE33700C2D0AB /* AlarmClockTests-Info.plist */ = {isa = PBXFileReference; lastKnownFileType = text.plist.xml; path = "AlarmClockTests-Info.plist"; sourceTree = "<group>"; };
		66F4874218FCE33700C2D0AB /* en */ = {isa = PBXFileReference; lastKnownFileType = text.plist.strings; name = en; path = en.lproj/InfoPlist.strings; sourceTree = "<group>"; };
		66F4874418FCE33700C2D0AB /* AlarmClockTests.m */ = {isa = PBXFileReference; lastKnownFileType = sourcecode.c.objc; path = AlarmClockTests.m; sourceTree = "<group>"; };
		66F4879318FCF26100C2D0AB /* add.png */ = {isa = PBXFileReference; lastKnownFileType = image.png; path = add.png; sourceTree = "<group>"; };
		66F4879518FCF26100C2D0AB /* clock1.png */ = {isa = PBXFileReference; lastKnownFileType = image.png; path = clock1.png; sourceTree = "<group>"; };
		66F4879618FCF26100C2D0AB /* clock2.png */ = {isa = PBXFileReference; lastKnownFileType = image.png; path = clock2.png; sourceTree = "<group>"; };
		66F4879718FCF26100C2D0AB /* menu.png */ = {isa = PBXFileReference; lastKnownFileType = image.png; path = menu.png; sourceTree = "<group>"; };
		66F4879818FCF26100C2D0AB /* navgationBar.png */ = {isa = PBXFileReference; lastKnownFileType = image.png; path = navgationBar.png; sourceTree = "<group>"; };
		66F4879918FCF26100C2D0AB /* timeboard.png */ = {isa = PBXFileReference; lastKnownFileType = image.png; path = timeboard.png; sourceTree = "<group>"; };
		66F4879B18FCF26100C2D0AB /* weather-broken.png */ = {isa = PBXFileReference; lastKnownFileType = image.png; path = "weather-broken.png"; sourceTree = "<group>"; };
		66F4879C18FCF26100C2D0AB /* weather-broken@2x.png */ = {isa = PBXFileReference; lastKnownFileType = image.png; path = "weather-broken@2x.png"; sourceTree = "<group>"; };
		66F4879D18FCF26100C2D0AB /* weather-clear.png */ = {isa = PBXFileReference; lastKnownFileType = image.png; path = "weather-clear.png"; sourceTree = "<group>"; };
		66F4879E18FCF26100C2D0AB /* weather-clear@2x.png */ = {isa = PBXFileReference; lastKnownFileType = image.png; path = "weather-clear@2x.png"; sourceTree = "<group>"; };
		66F4879F18FCF26100C2D0AB /* weather-few-night.png */ = {isa = PBXFileReference; lastKnownFileType = image.png; path = "weather-few-night.png"; sourceTree = "<group>"; };
		66F487A018FCF26100C2D0AB /* weather-few-night@2x.png */ = {isa = PBXFileReference; lastKnownFileType = image.png; path = "weather-few-night@2x.png"; sourceTree = "<group>"; };
		66F487A118FCF26100C2D0AB /* weather-few.png */ = {isa = PBXFileReference; lastKnownFileType = image.png; path = "weather-few.png"; sourceTree = "<group>"; };
		66F487A218FCF26100C2D0AB /* weather-few@2x.png */ = {isa = PBXFileReference; lastKnownFileType = image.png; path = "weather-few@2x.png"; sourceTree = "<group>"; };
		66F487A318FCF26100C2D0AB /* weather-mist.png */ = {isa = PBXFileReference; lastKnownFileType = image.png; path = "weather-mist.png"; sourceTree = "<group>"; };
		66F487A418FCF26100C2D0AB /* weather-mist@2x.png */ = {isa = PBXFileReference; lastKnownFileType = image.png; path = "weather-mist@2x.png"; sourceTree = "<group>"; };
		66F487A518FCF26100C2D0AB /* weather-moon.png */ = {isa = PBXFileReference; lastKnownFileType = image.png; path = "weather-moon.png"; sourceTree = "<group>"; };
		66F487A618FCF26100C2D0AB /* weather-moon@2x.png */ = {isa = PBXFileReference; lastKnownFileType = image.png; path = "weather-moon@2x.png"; sourceTree = "<group>"; };
		66F487A718FCF26100C2D0AB /* weather-rain-night.png */ = {isa = PBXFileReference; lastKnownFileType = image.png; path = "weather-rain-night.png"; sourceTree = "<group>"; };
		66F487A818FCF26100C2D0AB /* weather-rain-night@2x.png */ = {isa = PBXFileReference; lastKnownFileType = image.png; path = "weather-rain-night@2x.png"; sourceTree = "<group>"; };
		66F487A918FCF26100C2D0AB /* weather-rain.png */ = {isa = PBXFileReference; lastKnownFileType = image.png; path = "weather-rain.png"; sourceTree = "<group>"; };
		66F487AA18FCF26100C2D0AB /* weather-rain@2x.png */ = {isa = PBXFileReference; lastKnownFileType = image.png; path = "weather-rain@2x.png"; sourceTree = "<group>"; };
		66F487AB18FCF26100C2D0AB /* weather-scattered.png */ = {isa = PBXFileReference; lastKnownFileType = image.png; path = "weather-scattered.png"; sourceTree = "<group>"; };
		66F487AC18FCF26100C2D0AB /* weather-scattered@2x.png */ = {isa = PBXFileReference; lastKnownFileType = image.png; path = "weather-scattered@2x.png"; sourceTree = "<group>"; };
		66F487AD18FCF26100C2D0AB /* weather-shower.png */ = {isa = PBXFileReference; lastKnownFileType = image.png; path = "weather-shower.png"; sourceTree = "<group>"; };
		66F487AE18FCF26100C2D0AB /* weather-shower@2x.png */ = {isa = PBXFileReference; lastKnownFileType = image.png; path = "weather-shower@2x.png"; sourceTree = "<group>"; };
		66F487AF18FCF26100C2D0AB /* weather-snow.png */ = {isa = PBXFileReference; lastKnownFileType = image.png; path = "weather-snow.png"; sourceTree = "<group>"; };
		66F487B018FCF26100C2D0AB /* weather-snow@2x.png */ = {isa = PBXFileReference; lastKnownFileType = image.png; path = "weather-snow@2x.png"; sourceTree = "<group>"; };
		66F487B118FCF26100C2D0AB /* weather-tstorm.png */ = {isa = PBXFileReference; lastKnownFileType = image.png; path = "weather-tstorm.png"; sourceTree = "<group>"; };
		66F487B218FCF26100C2D0AB /* weather-tstorm@2x.png */ = {isa = PBXFileReference; lastKnownFileType = image.png; path = "weather-tstorm@2x.png"; sourceTree = "<group>"; };
		66F487D218FCF2A700C2D0AB /* MDTransformerDateFormatter.h */ = {isa = PBXFileReference; fileEncoding = 4; lastKnownFileType = sourcecode.c.h; path = MDTransformerDateFormatter.h; sourceTree = "<group>"; };
		66F487D318FCF2A700C2D0AB /* MDTransformerDateFormatter.m */ = {isa = PBXFileReference; fileEncoding = 4; lastKnownFileType = sourcecode.c.objc; path = MDTransformerDateFormatter.m; sourceTree = "<group>"; };
		66F487D418FCF2A700C2D0AB /* MDWeatherCondition.h */ = {isa = PBXFileReference; fileEncoding = 4; lastKnownFileType = sourcecode.c.h; path = MDWeatherCondition.h; sourceTree = "<group>"; };
		66F487D518FCF2A700C2D0AB /* MDWeatherCondition.m */ = {isa = PBXFileReference; fileEncoding = 4; lastKnownFileType = sourcecode.c.objc; path = MDWeatherCondition.m; sourceTree = "<group>"; };
		66F487D618FCF2A700C2D0AB /* MDWeatherConnection.h */ = {isa = PBXFileReference; fileEncoding = 4; lastKnownFileType = sourcecode.c.h; path = MDWeatherConnection.h; sourceTree = "<group>"; };
		66F487D718FCF2A700C2D0AB /* MDWeatherConnection.m */ = {isa = PBXFileReference; fileEncoding = 4; lastKnownFileType = sourcecode.c.objc; path = MDWeatherConnection.m; sourceTree = "<group>"; };
		66F487D818FCF2A700C2D0AB /* MDWeatherManager.h */ = {isa = PBXFileReference; fileEncoding = 4; lastKnownFileType = sourcecode.c.h; path = MDWeatherManager.h; sourceTree = "<group>"; };
		66F487D918FCF2A700C2D0AB /* MDWeatherManager.m */ = {isa = PBXFileReference; fileEncoding = 4; lastKnownFileType = sourcecode.c.objc; path = MDWeatherManager.m; sourceTree = "<group>"; };
		66F487DA18FCF2A700C2D0AB /* NSDate+CurrentTimeIntervalWith24Hour.h */ = {isa = PBXFileReference; fileEncoding = 4; lastKnownFileType = sourcecode.c.h; path = "NSDate+CurrentTimeIntervalWith24Hour.h"; sourceTree = "<group>"; };
		66F487DB18FCF2A700C2D0AB /* NSDate+CurrentTimeIntervalWith24Hour.m */ = {isa = PBXFileReference; fileEncoding = 4; lastKnownFileType = sourcecode.c.objc; path = "NSDate+CurrentTimeIntervalWith24Hour.m"; sourceTree = "<group>"; };
		66F487E118FCF2B900C2D0AB /* MDRootViewController.h */ = {isa = PBXFileReference; fileEncoding = 4; lastKnownFileType = sourcecode.c.h; path = MDRootViewController.h; sourceTree = "<group>"; };
		66F487E218FCF2B900C2D0AB /* MDRootViewController.m */ = {isa = PBXFileReference; fileEncoding = 4; lastKnownFileType = sourcecode.c.objc; path = MDRootViewController.m; sourceTree = "<group>"; };
		66F487E318FCF2B900C2D0AB /* MDRootViewController.xib */ = {isa = PBXFileReference; fileEncoding = 4; lastKnownFileType = file.xib; path = MDRootViewController.xib; sourceTree = "<group>"; };
/* End PBXFileReference section */

/* Begin PBXFrameworksBuildPhase section */
		66F4871918FCE33700C2D0AB /* Frameworks */ = {
			isa = PBXFrameworksBuildPhase;
			buildActionMask = 2147483647;
			files = (
				66F4872218FCE33700C2D0AB /* CoreGraphics.framework in Frameworks */,
				66F4872418FCE33700C2D0AB /* UIKit.framework in Frameworks */,
				66F4872018FCE33700C2D0AB /* Foundation.framework in Frameworks */,
				17DC40199B4B4DEFA792C2E1 /* libPods.a in Frameworks */,
			);
			runOnlyForDeploymentPostprocessing = 0;
		};
		66F4873418FCE33700C2D0AB /* Frameworks */ = {
			isa = PBXFrameworksBuildPhase;
			buildActionMask = 2147483647;
			files = (
				66F4873918FCE33700C2D0AB /* XCTest.framework in Frameworks */,
				66F4873B18FCE33700C2D0AB /* UIKit.framework in Frameworks */,
				66F4873A18FCE33700C2D0AB /* Foundation.framework in Frameworks */,
			);
			runOnlyForDeploymentPostprocessing = 0;
		};
/* End PBXFrameworksBuildPhase section */

/* Begin PBXGroup section */
		6612247918FD6F63007DEB9B /* ContainerViewController */ = {
			isa = PBXGroup;
			children = (
				6612247A18FD6FFF007DEB9B /* MDContainerViewController.h */,
				6612247B18FD6FFF007DEB9B /* MDContainerViewController.m */,
				6612247D18FD73FD007DEB9B /* MDShadowVCenterContainerVIew.h */,
				6612247E18FD73FD007DEB9B /* MDShadowVCenterContainerVIew.m */,
			);
			name = ContainerViewController;
			sourceTree = "<group>";
		};
		66F4871318FCE33700C2D0AB = {
			isa = PBXGroup;
			children = (
				66F4872518FCE33700C2D0AB /* AlarmClock */,
				66F4873E18FCE33700C2D0AB /* AlarmClockTests */,
				66F4871E18FCE33700C2D0AB /* Frameworks */,
				66F4871D18FCE33700C2D0AB /* Products */,
				1B3F7DA4F42C47FBAE7258DD /* Pods.xcconfig */,
			);
			sourceTree = "<group>";
		};
		66F4871D18FCE33700C2D0AB /* Products */ = {
			isa = PBXGroup;
			children = (
				66F4871C18FCE33700C2D0AB /* AlarmClock.app */,
				66F4873718FCE33700C2D0AB /* AlarmClockTests.xctest */,
			);
			name = Products;
			sourceTree = "<group>";
		};
		66F4871E18FCE33700C2D0AB /* Frameworks */ = {
			isa = PBXGroup;
			children = (
				66F4871F18FCE33700C2D0AB /* Foundation.framework */,
				66F4872118FCE33700C2D0AB /* CoreGraphics.framework */,
				66F4872318FCE33700C2D0AB /* UIKit.framework */,
				66F4873818FCE33700C2D0AB /* XCTest.framework */,
				19DFBEEE26D74A1F987B9C76 /* libPods.a */,
			);
			name = Frameworks;
			sourceTree = "<group>";
		};
		66F4872518FCE33700C2D0AB /* AlarmClock */ = {
			isa = PBXGroup;
			children = (
				66F4878F18FCF21D00C2D0AB /* Model */,
				66F4879018FCF22A00C2D0AB /* View */,
				66F4879118FCF23100C2D0AB /* Controller */,
				66F4879218FCF26100C2D0AB /* Images */,
				66F4873118FCE33700C2D0AB /* Images.xcassets */,
				66F4872618FCE33700C2D0AB /* Supporting Files */,
			);
			path = AlarmClock;
			sourceTree = "<group>";
		};
		66F4872618FCE33700C2D0AB /* Supporting Files */ = {
			isa = PBXGroup;
			children = (
				66F4872718FCE33700C2D0AB /* AlarmClock-Info.plist */,
				66F4872818FCE33700C2D0AB /* InfoPlist.strings */,
				66F4872B18FCE33700C2D0AB /* main.m */,
				66F4872D18FCE33700C2D0AB /* AlarmClock-Prefix.pch */,
			);
			name = "Supporting Files";
			sourceTree = "<group>";
		};
		66F4873E18FCE33700C2D0AB /* AlarmClockTests */ = {
			isa = PBXGroup;
			children = (
				66F4874418FCE33700C2D0AB /* AlarmClockTests.m */,
				66F4873F18FCE33700C2D0AB /* Supporting Files */,
			);
			path = AlarmClockTests;
			sourceTree = "<group>";
		};
		66F4873F18FCE33700C2D0AB /* Supporting Files */ = {
			isa = PBXGroup;
			children = (
				66F4874018FCE33700C2D0AB /* AlarmClockTests-Info.plist */,
				66F4874118FCE33700C2D0AB /* InfoPlist.strings */,
			);
			name = "Supporting Files";
			sourceTree = "<group>";
		};
		66F4878F18FCF21D00C2D0AB /* Model */ = {
			isa = PBXGroup;
			children = (
				66F487D218FCF2A700C2D0AB /* MDTransformerDateFormatter.h */,
				66F487D318FCF2A700C2D0AB /* MDTransformerDateFormatter.m */,
				66F487D418FCF2A700C2D0AB /* MDWeatherCondition.h */,
				66F487D518FCF2A700C2D0AB /* MDWeatherCondition.m */,
				66F487D618FCF2A700C2D0AB /* MDWeatherConnection.h */,
				66F487D718FCF2A700C2D0AB /* MDWeatherConnection.m */,
				66F487D818FCF2A700C2D0AB /* MDWeatherManager.h */,
				66F487D918FCF2A700C2D0AB /* MDWeatherManager.m */,
				66F487DA18FCF2A700C2D0AB /* NSDate+CurrentTimeIntervalWith24Hour.h */,
				66F487DB18FCF2A700C2D0AB /* NSDate+CurrentTimeIntervalWith24Hour.m */,
			);
			name = Model;
			sourceTree = "<group>";
		};
		66F4879018FCF22A00C2D0AB /* View */ = {
			isa = PBXGroup;
			children = (
				666C151A1935771B00AFBDE1 /* MDTableViewCell.h */,
				666C151B1935771B00AFBDE1 /* MDTableViewCell.m */,
				666C151C1935771B00AFBDE1 /* MDTableViewCell.xib */,
				6671C4971939F61A00164CE8 /* MDImagePicker.h */,
				6671C4981939F61A00164CE8 /* MDImagePicker.m */,
			);
			name = View;
			sourceTree = "<group>";
		};
		66F4879118FCF23100C2D0AB /* Controller */ = {
			isa = PBXGroup;
			children = (
				6612247918FD6F63007DEB9B /* ContainerViewController */,
				66F487E118FCF2B900C2D0AB /* MDRootViewController.h */,
				66F487E218FCF2B900C2D0AB /* MDRootViewController.m */,
				66F487E318FCF2B900C2D0AB /* MDRootViewController.xib */,
				667243C21900FA8400E7EF99 /* MDMenuViewController.h */,
				667243C31900FA8400E7EF99 /* MDMenuViewController.m */,
				667243C41900FA8400E7EF99 /* MDMenuViewController.xib */,
				66F4872E18FCE33700C2D0AB /* MDAppDelegate.h */,
				66F4872F18FCE33700C2D0AB /* MDAppDelegate.m */,
			);
			name = Controller;
			sourceTree = "<group>";
		};
		66F4879218FCF26100C2D0AB /* Images */ = {
			isa = PBXGroup;
			children = (
				6671C4AD193AB79F00164CE8 /* bg1.png */,
				6671C4AC193AB79F00164CE8 /* bg2.png */,
				6671C4A6193AB79F00164CE8 /* bg3.png */,
				6671C4A7193AB79F00164CE8 /* bg5.png */,
				6671C4A8193AB79F00164CE8 /* bg4.png */,
				6671C4A9193AB79F00164CE8 /* bg7.png */,
				6671C4AA193AB79F00164CE8 /* bg6.png */,
				6671C4AB193AB79F00164CE8 /* bg8.png */,
				66479A091934D4A00036FD04 /* background1.png */,
				66DD6FDF193CE10800557517 /* background2.png */,
				667243BF1900FA5200E7EF99 /* background3.png */,
				66DD6FE0193CE10800557517 /* background4.png */,
				66DD6FDC193CE10800557517 /* background5.png */,
				66DD6FDD193CE10800557517 /* background6.png */,
				66DD6FDE193CE10800557517 /* background7.png */,
				66DD6FE1193CE10800557517 /* background8.png */,
				6671C4B8193AC03200164CE8 /* clockImage.png */,
				6671C4B9193AC03200164CE8 /* menu_cell_image.png */,
				6634FAED1936D6960072F1A6 /* menu_cell_imageSelected.png */,
				6671C4B6193ABE1500164CE8 /* menu_another_cell_image.png */,
				66479A0A1934D4A00036FD04 /* menuBG.png */,
				66F4879318FCF26100C2D0AB /* add.png */,
				667243BE1900FA5200E7EF99 /* timeboard_1.png */,
				66F4879518FCF26100C2D0AB /* clock1.png */,
				66F4879618FCF26100C2D0AB /* clock2.png */,
				66F4879718FCF26100C2D0AB /* menu.png */,
				66F4879818FCF26100C2D0AB /* navgationBar.png */,
				66F4879918FCF26100C2D0AB /* timeboard.png */,
				66F4879A18FCF26100C2D0AB /* Weather Icons */,
			);
			path = Images;
			sourceTree = "<group>";
		};
		66F4879A18FCF26100C2D0AB /* Weather Icons */ = {
			isa = PBXGroup;
			children = (
				66F4879B18FCF26100C2D0AB /* weather-broken.png */,
				66F4879C18FCF26100C2D0AB /* weather-broken@2x.png */,
				66F4879D18FCF26100C2D0AB /* weather-clear.png */,
				66F4879E18FCF26100C2D0AB /* weather-clear@2x.png */,
				66F4879F18FCF26100C2D0AB /* weather-few-night.png */,
				66F487A018FCF26100C2D0AB /* weather-few-night@2x.png */,
				66F487A118FCF26100C2D0AB /* weather-few.png */,
				66F487A218FCF26100C2D0AB /* weather-few@2x.png */,
				66F487A318FCF26100C2D0AB /* weather-mist.png */,
				66F487A418FCF26100C2D0AB /* weather-mist@2x.png */,
				66F487A518FCF26100C2D0AB /* weather-moon.png */,
				66F487A618FCF26100C2D0AB /* weather-moon@2x.png */,
				66F487A718FCF26100C2D0AB /* weather-rain-night.png */,
				66F487A818FCF26100C2D0AB /* weather-rain-night@2x.png */,
				66F487A918FCF26100C2D0AB /* weather-rain.png */,
				66F487AA18FCF26100C2D0AB /* weather-rain@2x.png */,
				66F487AB18FCF26100C2D0AB /* weather-scattered.png */,
				66F487AC18FCF26100C2D0AB /* weather-scattered@2x.png */,
				66F487AD18FCF26100C2D0AB /* weather-shower.png */,
				66F487AE18FCF26100C2D0AB /* weather-shower@2x.png */,
				66F487AF18FCF26100C2D0AB /* weather-snow.png */,
				66F487B018FCF26100C2D0AB /* weather-snow@2x.png */,
				66F487B118FCF26100C2D0AB /* weather-tstorm.png */,
				66F487B218FCF26100C2D0AB /* weather-tstorm@2x.png */,
			);
			path = "Weather Icons";
			sourceTree = "<group>";
		};
/* End PBXGroup section */

/* Begin PBXNativeTarget section */
		66F4871B18FCE33700C2D0AB /* AlarmClock */ = {
			isa = PBXNativeTarget;
			buildConfigurationList = 66F4874818FCE33700C2D0AB /* Build configuration list for PBXNativeTarget "AlarmClock" */;
			buildPhases = (
				4A36FA0898D64C639F75EBED /* Check Pods Manifest.lock */,
				66F4871818FCE33700C2D0AB /* Sources */,
				66F4871918FCE33700C2D0AB /* Frameworks */,
				66F4871A18FCE33700C2D0AB /* Resources */,
				AB35B0FF25EA4D478B9D5236 /* Copy Pods Resources */,
			);
			buildRules = (
			);
			dependencies = (
			);
			name = AlarmClock;
			productName = AlarmClock;
			productReference = 66F4871C18FCE33700C2D0AB /* AlarmClock.app */;
			productType = "com.apple.product-type.application";
		};
		66F4873618FCE33700C2D0AB /* AlarmClockTests */ = {
			isa = PBXNativeTarget;
			buildConfigurationList = 66F4874B18FCE33700C2D0AB /* Build configuration list for PBXNativeTarget "AlarmClockTests" */;
			buildPhases = (
				66F4873318FCE33700C2D0AB /* Sources */,
				66F4873418FCE33700C2D0AB /* Frameworks */,
				66F4873518FCE33700C2D0AB /* Resources */,
			);
			buildRules = (
			);
			dependencies = (
				66F4873D18FCE33700C2D0AB /* PBXTargetDependency */,
			);
			name = AlarmClockTests;
			productName = AlarmClockTests;
			productReference = 66F4873718FCE33700C2D0AB /* AlarmClockTests.xctest */;
			productType = "com.apple.product-type.bundle.unit-test";
		};
/* End PBXNativeTarget section */

/* Begin PBXProject section */
		66F4871418FCE33700C2D0AB /* Project object */ = {
			isa = PBXProject;
			attributes = {
				CLASSPREFIX = MD;
				LastUpgradeCheck = 0510;
				ORGANIZATIONNAME = IIMare;
				TargetAttributes = {
					66F4873618FCE33700C2D0AB = {
						TestTargetID = 66F4871B18FCE33700C2D0AB;
					};
				};
			};
			buildConfigurationList = 66F4871718FCE33700C2D0AB /* Build configuration list for PBXProject "AlarmClock" */;
			compatibilityVersion = "Xcode 3.2";
			developmentRegion = English;
			hasScannedForEncodings = 0;
			knownRegions = (
				en,
			);
			mainGroup = 66F4871318FCE33700C2D0AB;
			productRefGroup = 66F4871D18FCE33700C2D0AB /* Products */;
			projectDirPath = "";
			projectRoot = "";
			targets = (
				66F4871B18FCE33700C2D0AB /* AlarmClock */,
				66F4873618FCE33700C2D0AB /* AlarmClockTests */,
			);
		};
/* End PBXProject section */

/* Begin PBXResourcesBuildPhase section */
		66F4871A18FCE33700C2D0AB /* Resources */ = {
			isa = PBXResourcesBuildPhase;
			buildActionMask = 2147483647;
			files = (
				66F487B318FCF26100C2D0AB /* add.png in Resources */,
				66DD6FE4193CE10800557517 /* background7.png in Resources */,
				6671C4B0193AB79F00164CE8 /* bg4.png in Resources */,
				66F487C218FCF26100C2D0AB /* weather-mist.png in Resources */,
				666C151E1935771B00AFBDE1 /* MDTableViewCell.xib in Resources */,
				6671C4BA193AC03200164CE8 /* clockImage.png in Resources */,
				66F487C818FCF26100C2D0AB /* weather-rain.png in Resources */,
				66F487C018FCF26100C2D0AB /* weather-few.png in Resources */,
				66F487C118FCF26100C2D0AB /* weather-few@2x.png in Resources */,
				66479A0B1934D4A00036FD04 /* background1.png in Resources */,
				66F487C318FCF26100C2D0AB /* weather-mist@2x.png in Resources */,
				66F487B618FCF26100C2D0AB /* clock2.png in Resources */,
				66DD6FE5193CE10800557517 /* background2.png in Resources */,
				66F487C718FCF26100C2D0AB /* weather-rain-night@2x.png in Resources */,
				66F487C618FCF26100C2D0AB /* weather-rain-night.png in Resources */,
				667243C01900FA5200E7EF99 /* timeboard_1.png in Resources */,
				66F487CF18FCF26100C2D0AB /* weather-snow@2x.png in Resources */,
				66DD6FE2193CE10800557517 /* background5.png in Resources */,
				66F487D018FCF26100C2D0AB /* weather-tstorm.png in Resources */,
				6671C4B3193AB79F00164CE8 /* bg8.png in Resources */,
				66F487CD18FCF26100C2D0AB /* weather-shower@2x.png in Resources */,
				66F487CA18FCF26100C2D0AB /* weather-scattered.png in Resources */,
				66479A0C1934D4A00036FD04 /* menuBG.png in Resources */,
				66DD6FE3193CE10800557517 /* background6.png in Resources */,
				66F487B918FCF26100C2D0AB /* timeboard.png in Resources */,
				66F487BC18FCF26100C2D0AB /* weather-clear.png in Resources */,
				66F4872A18FCE33700C2D0AB /* InfoPlist.strings in Resources */,
				66F487E518FCF2B900C2D0AB /* MDRootViewController.xib in Resources */,
				6634FAEE1936D6960072F1A6 /* menu_cell_imageSelected.png in Resources */,
				66F487BE18FCF26100C2D0AB /* weather-few-night.png in Resources */,
				66F487D118FCF26100C2D0AB /* weather-tstorm@2x.png in Resources */,
				6671C4AE193AB79F00164CE8 /* bg3.png in Resources */,
				66F487BD18FCF26100C2D0AB /* weather-clear@2x.png in Resources */,
				66F487C518FCF26100C2D0AB /* weather-moon@2x.png in Resources */,
				66DD6FE7193CE10800557517 /* background8.png in Resources */,
				6671C4B7193ABE1500164CE8 /* menu_another_cell_image.png in Resources */,
				66F487BF18FCF26100C2D0AB /* weather-few-night@2x.png in Resources */,
				6671C4B4193AB79F00164CE8 /* bg2.png in Resources */,
				66F487CC18FCF26100C2D0AB /* weather-shower.png in Resources */,
				66DD6FE6193CE10800557517 /* background4.png in Resources */,
				66F487BA18FCF26100C2D0AB /* weather-broken.png in Resources */,
				66F487CB18FCF26100C2D0AB /* weather-scattered@2x.png in Resources */,
				6671C4AF193AB79F00164CE8 /* bg5.png in Resources */,
				66F487B718FCF26100C2D0AB /* menu.png in Resources */,
				667243C11900FA5200E7EF99 /* background3.png in Resources */,
				667243C61900FA8400E7EF99 /* MDMenuViewController.xib in Resources */,
				66F487B518FCF26100C2D0AB /* clock1.png in Resources */,
				66F487BB18FCF26100C2D0AB /* weather-broken@2x.png in Resources */,
				6671C4B1193AB79F00164CE8 /* bg7.png in Resources */,
				6671C4BB193AC03200164CE8 /* menu_cell_image.png in Resources */,
				66F487C418FCF26100C2D0AB /* weather-moon.png in Resources */,
				66F4873218FCE33700C2D0AB /* Images.xcassets in Resources */,
				66F487CE18FCF26100C2D0AB /* weather-snow.png in Resources */,
				6671C4B5193AB79F00164CE8 /* bg1.png in Resources */,
				66F487C918FCF26100C2D0AB /* weather-rain@2x.png in Resources */,
				66F487B818FCF26100C2D0AB /* navgationBar.png in Resources */,
				6671C4B2193AB79F00164CE8 /* bg6.png in Resources */,
			);
			runOnlyForDeploymentPostprocessing = 0;
		};
		66F4873518FCE33700C2D0AB /* Resources */ = {
			isa = PBXResourcesBuildPhase;
			buildActionMask = 2147483647;
			files = (
				66F4874318FCE33700C2D0AB /* InfoPlist.strings in Resources */,
			);
			runOnlyForDeploymentPostprocessing = 0;
		};
/* End PBXResourcesBuildPhase section */

/* Begin PBXShellScriptBuildPhase section */
		4A36FA0898D64C639F75EBED /* Check Pods Manifest.lock */ = {
			isa = PBXShellScriptBuildPhase;
			buildActionMask = 2147483647;
			files = (
			);
			inputPaths = (
			);
			name = "Check Pods Manifest.lock";
			outputPaths = (
			);
			runOnlyForDeploymentPostprocessing = 0;
			shellPath = /bin/sh;
			shellScript = "diff \"${PODS_ROOT}/../Podfile.lock\" \"${PODS_ROOT}/Manifest.lock\" > /dev/null\nif [[ $? != 0 ]] ; then\n    cat << EOM\nerror: The sandbox is not in sync with the Podfile.lock. Run 'pod install' or update your CocoaPods installation.\nEOM\n    exit 1\nfi\n";
			showEnvVarsInLog = 0;
		};
		AB35B0FF25EA4D478B9D5236 /* Copy Pods Resources */ = {
			isa = PBXShellScriptBuildPhase;
			buildActionMask = 2147483647;
			files = (
			);
			inputPaths = (
			);
			name = "Copy Pods Resources";
			outputPaths = (
			);
			runOnlyForDeploymentPostprocessing = 0;
			shellPath = /bin/sh;
			shellScript = "\"${SRCROOT}/Pods/Pods-resources.sh\"\n";
			showEnvVarsInLog = 0;
		};
/* End PBXShellScriptBuildPhase section */

/* Begin PBXSourcesBuildPhase section */
		66F4871818FCE33700C2D0AB /* Sources */ = {
			isa = PBXSourcesBuildPhase;
			buildActionMask = 2147483647;
			files = (
				66F487DE18FCF2A700C2D0AB /* MDWeatherConnection.m in Sources */,
				66F487DF18FCF2A700C2D0AB /* MDWeatherManager.m in Sources */,
				66F4872C18FCE33700C2D0AB /* main.m in Sources */,
				6671C4991939F61A00164CE8 /* MDImagePicker.m in Sources */,
				6612247C18FD6FFF007DEB9B /* MDContainerViewController.m in Sources */,
				666C151D1935771B00AFBDE1 /* MDTableViewCell.m in Sources */,
				667243C51900FA8400E7EF99 /* MDMenuViewController.m in Sources */,
				66F487DC18FCF2A700C2D0AB /* MDTransformerDateFormatter.m in Sources */,
				6612247F18FD73FD007DEB9B /* MDShadowVCenterContainerVIew.m in Sources */,
				66F4873018FCE33700C2D0AB /* MDAppDelegate.m in Sources */,
				66F487E418FCF2B900C2D0AB /* MDRootViewController.m in Sources */,
				66F487DD18FCF2A700C2D0AB /* MDWeatherCondition.m in Sources */,
				66F487E018FCF2A700C2D0AB /* NSDate+CurrentTimeIntervalWith24Hour.m in Sources */,
			);
			runOnlyForDeploymentPostprocessing = 0;
		};
		66F4873318FCE33700C2D0AB /* Sources */ = {
			isa = PBXSourcesBuildPhase;
			buildActionMask = 2147483647;
			files = (
				66F4874518FCE33700C2D0AB /* AlarmClockTests.m in Sources */,
			);
			runOnlyForDeploymentPostprocessing = 0;
		};
/* End PBXSourcesBuildPhase section */

/* Begin PBXTargetDependency section */
		66F4873D18FCE33700C2D0AB /* PBXTargetDependency */ = {
			isa = PBXTargetDependency;
			target = 66F4871B18FCE33700C2D0AB /* AlarmClock */;
			targetProxy = 66F4873C18FCE33700C2D0AB /* PBXContainerItemProxy */;
		};
/* End PBXTargetDependency section */

/* Begin PBXVariantGroup section */
		66F4872818FCE33700C2D0AB /* InfoPlist.strings */ = {
			isa = PBXVariantGroup;
			children = (
				66F4872918FCE33700C2D0AB /* en */,
			);
			name = InfoPlist.strings;
			sourceTree = "<group>";
		};
		66F4874118FCE33700C2D0AB /* InfoPlist.strings */ = {
			isa = PBXVariantGroup;
			children = (
				66F4874218FCE33700C2D0AB /* en */,
			);
			name = InfoPlist.strings;
			sourceTree = "<group>";
		};
/* End PBXVariantGroup section */

/* Begin XCBuildConfiguration section */
		66F4874618FCE33700C2D0AB /* Debug */ = {
			isa = XCBuildConfiguration;
			buildSettings = {
				ALWAYS_SEARCH_USER_PATHS = NO;
				CLANG_CXX_LANGUAGE_STANDARD = "gnu++0x";
				CLANG_CXX_LIBRARY = "libc++";
				CLANG_ENABLE_MODULES = YES;
				CLANG_ENABLE_OBJC_ARC = YES;
				CLANG_WARN_BOOL_CONVERSION = YES;
				CLANG_WARN_CONSTANT_CONVERSION = YES;
				CLANG_WARN_DIRECT_OBJC_ISA_USAGE = YES_ERROR;
				CLANG_WARN_EMPTY_BODY = YES;
				CLANG_WARN_ENUM_CONVERSION = YES;
				CLANG_WARN_INT_CONVERSION = YES;
				CLANG_WARN_OBJC_ROOT_CLASS = YES_ERROR;
				CLANG_WARN__DUPLICATE_METHOD_MATCH = YES;
				"CODE_SIGN_IDENTITY[sdk=iphoneos*]" = "iPhone Developer";
				COPY_PHASE_STRIP = NO;
				GCC_C_LANGUAGE_STANDARD = gnu99;
				GCC_DYNAMIC_NO_PIC = NO;
				GCC_OPTIMIZATION_LEVEL = 0;
				GCC_PREPROCESSOR_DEFINITIONS = (
					"DEBUG=1",
					"$(inherited)",
				);
				GCC_SYMBOLS_PRIVATE_EXTERN = NO;
				GCC_WARN_64_TO_32_BIT_CONVERSION = YES;
				GCC_WARN_ABOUT_RETURN_TYPE = YES_ERROR;
				GCC_WARN_UNDECLARED_SELECTOR = YES;
				GCC_WARN_UNINITIALIZED_AUTOS = YES_AGGRESSIVE;
				GCC_WARN_UNUSED_FUNCTION = YES;
				GCC_WARN_UNUSED_VARIABLE = YES;
				IPHONEOS_DEPLOYMENT_TARGET = 7.1;
				ONLY_ACTIVE_ARCH = YES;
				SDKROOT = iphoneos;
			};
			name = Debug;
		};
		66F4874718FCE33700C2D0AB /* Release */ = {
			isa = XCBuildConfiguration;
			buildSettings = {
				ALWAYS_SEARCH_USER_PATHS = NO;
				CLANG_CXX_LANGUAGE_STANDARD = "gnu++0x";
				CLANG_CXX_LIBRARY = "libc++";
				CLANG_ENABLE_MODULES = YES;
				CLANG_ENABLE_OBJC_ARC = YES;
				CLANG_WARN_BOOL_CONVERSION = YES;
				CLANG_WARN_CONSTANT_CONVERSION = YES;
				CLANG_WARN_DIRECT_OBJC_ISA_USAGE = YES_ERROR;
				CLANG_WARN_EMPTY_BODY = YES;
				CLANG_WARN_ENUM_CONVERSION = YES;
				CLANG_WARN_INT_CONVERSION = YES;
				CLANG_WARN_OBJC_ROOT_CLASS = YES_ERROR;
				CLANG_WARN__DUPLICATE_METHOD_MATCH = YES;
				"CODE_SIGN_IDENTITY[sdk=iphoneos*]" = "iPhone Developer";
				COPY_PHASE_STRIP = YES;
				ENABLE_NS_ASSERTIONS = NO;
				GCC_C_LANGUAGE_STANDARD = gnu99;
				GCC_WARN_64_TO_32_BIT_CONVERSION = YES;
				GCC_WARN_ABOUT_RETURN_TYPE = YES_ERROR;
				GCC_WARN_UNDECLARED_SELECTOR = YES;
				GCC_WARN_UNINITIALIZED_AUTOS = YES_AGGRESSIVE;
				GCC_WARN_UNUSED_FUNCTION = YES;
				GCC_WARN_UNUSED_VARIABLE = YES;
				IPHONEOS_DEPLOYMENT_TARGET = 7.1;
				SDKROOT = iphoneos;
				VALIDATE_PRODUCT = YES;
			};
			name = Release;
		};
		66F4874918FCE33700C2D0AB /* Debug */ = {
			isa = XCBuildConfiguration;
			baseConfigurationReference = 1B3F7DA4F42C47FBAE7258DD /* Pods.xcconfig */;
			buildSettings = {
				ASSETCATALOG_COMPILER_APPICON_NAME = AppIcon;
				ASSETCATALOG_COMPILER_LAUNCHIMAGE_NAME = LaunchImage;
				GCC_PRECOMPILE_PREFIX_HEADER = YES;
				GCC_PREFIX_HEADER = "AlarmClock/AlarmClock-Prefix.pch";
				INFOPLIST_FILE = "AlarmClock/AlarmClock-Info.plist";
				PRODUCT_NAME = "$(TARGET_NAME)";
				WRAPPER_EXTENSION = app;
			};
			name = Debug;
		};
		66F4874A18FCE33700C2D0AB /* Release */ = {
			isa = XCBuildConfiguration;
			baseConfigurationReference = 1B3F7DA4F42C47FBAE7258DD /* Pods.xcconfig */;
			buildSettings = {
				ASSETCATALOG_COMPILER_APPICON_NAME = AppIcon;
				ASSETCATALOG_COMPILER_LAUNCHIMAGE_NAME = LaunchImage;
				GCC_PRECOMPILE_PREFIX_HEADER = YES;
				GCC_PREFIX_HEADER = "AlarmClock/AlarmClock-Prefix.pch";
				INFOPLIST_FILE = "AlarmClock/AlarmClock-Info.plist";
				PRODUCT_NAME = "$(TARGET_NAME)";
				WRAPPER_EXTENSION = app;
			};
			name = Release;
		};
		66F4874C18FCE33700C2D0AB /* Debug */ = {
			isa = XCBuildConfiguration;
			buildSettings = {
				BUNDLE_LOADER = "$(BUILT_PRODUCTS_DIR)/AlarmClock.app/AlarmClock";
				FRAMEWORK_SEARCH_PATHS = (
					"$(SDKROOT)/Developer/Library/Frameworks",
					"$(inherited)",
					"$(DEVELOPER_FRAMEWORKS_DIR)",
				);
				GCC_PRECOMPILE_PREFIX_HEADER = YES;
				GCC_PREFIX_HEADER = "AlarmClock/AlarmClock-Prefix.pch";
				GCC_PREPROCESSOR_DEFINITIONS = (
					"DEBUG=1",
					"$(inherited)",
				);
				INFOPLIST_FILE = "AlarmClockTests/AlarmClockTests-Info.plist";
				PRODUCT_NAME = "$(TARGET_NAME)";
				TEST_HOST = "$(BUNDLE_LOADER)";
				WRAPPER_EXTENSION = xctest;
			};
			name = Debug;
		};
		66F4874D18FCE33700C2D0AB /* Release */ = {
			isa = XCBuildConfiguration;
			buildSettings = {
				BUNDLE_LOADER = "$(BUILT_PRODUCTS_DIR)/AlarmClock.app/AlarmClock";
				FRAMEWORK_SEARCH_PATHS = (
					"$(SDKROOT)/Developer/Library/Frameworks",
					"$(inherited)",
					"$(DEVELOPER_FRAMEWORKS_DIR)",
				);
				GCC_PRECOMPILE_PREFIX_HEADER = YES;
				GCC_PREFIX_HEADER = "AlarmClock/AlarmClock-Prefix.pch";
				INFOPLIST_FILE = "AlarmClockTests/AlarmClockTests-Info.plist";
				PRODUCT_NAME = "$(TARGET_NAME)";
				TEST_HOST = "$(BUNDLE_LOADER)";
				WRAPPER_EXTENSION = xctest;
			};
			name = Release;
		};
/* End XCBuildConfiguration section */

/* Begin XCConfigurationList section */
		66F4871718FCE33700C2D0AB /* Build configuration list for PBXProject "AlarmClock" */ = {
			isa = XCConfigurationList;
			buildConfigurations = (
				66F4874618FCE33700C2D0AB /* Debug */,
				66F4874718FCE33700C2D0AB /* Release */,
			);
			defaultConfigurationIsVisible = 0;
			defaultConfigurationName = Release;
		};
		66F4874818FCE33700C2D0AB /* Build configuration list for PBXNativeTarget "AlarmClock" */ = {
			isa = XCConfigurationList;
			buildConfigurations = (
				66F4874918FCE33700C2D0AB /* Debug */,
				66F4874A18FCE33700C2D0AB /* Release */,
			);
			defaultConfigurationIsVisible = 0;
			defaultConfigurationName = Release;
		};
		66F4874B18FCE33700C2D0AB /* Build configuration list for PBXNativeTarget "AlarmClockTests" */ = {
			isa = XCConfigurationList;
			buildConfigurations = (
				66F4874C18FCE33700C2D0AB /* Debug */,
				66F4874D18FCE33700C2D0AB /* Release */,
			);
			defaultConfigurationIsVisible = 0;
			defaultConfigurationName = Release;
		};
/* End XCConfigurationList section */
	};
	rootObject = 66F4871418FCE33700C2D0AB /* Project object */;
}
